// !$*UTF8*$!
{
	archiveVersion = 1;
	classes = {
	};
	objectVersion = 48;
	objects = {

/* Begin PBXBuildFile section */
		1A3C2A844BBDB052A59E0E33 /* libPods-RssReader.a in Frameworks */ = {isa = PBXBuildFile; fileRef = 9F843B1741658D19BC5DF795 /* libPods-RssReader.a */; };
		323C24EE2079C5A200B18295 /* FeedRealm.m in Sources */ = {isa = PBXBuildFile; fileRef = 323C24ED2079C5A200B18295 /* FeedRealm.m */; };
		323C24F12079C6D600B18295 /* NewsRealm.m in Sources */ = {isa = PBXBuildFile; fileRef = 323C24F02079C6D600B18295 /* NewsRealm.m */; };
		32418F5B2059528F00C551FB /* MYRefreshAnimationLayer.m in Sources */ = {isa = PBXBuildFile; fileRef = 32418F4A2059528F00C551FB /* MYRefreshAnimationLayer.m */; };
		32418F5C2059528F00C551FB /* MYRefreshAnimationView.m in Sources */ = {isa = PBXBuildFile; fileRef = 32418F4C2059528F00C551FB /* MYRefreshAnimationView.m */; };
		32418F5D2059528F00C551FB /* MYRefreshComponent.m in Sources */ = {isa = PBXBuildFile; fileRef = 32418F4E2059528F00C551FB /* MYRefreshComponent.m */; };
		32418F5E2059528F00C551FB /* MYRefreshConst.m in Sources */ = {isa = PBXBuildFile; fileRef = 32418F502059528F00C551FB /* MYRefreshConst.m */; };
		32418F5F2059528F00C551FB /* MYRefreshFooter.m in Sources */ = {isa = PBXBuildFile; fileRef = 32418F522059528F00C551FB /* MYRefreshFooter.m */; };
		32418F602059528F00C551FB /* MYRefreshHeader.m in Sources */ = {isa = PBXBuildFile; fileRef = 32418F542059528F00C551FB /* MYRefreshHeader.m */; };
		32418F612059528F00C551FB /* UIScrollView+MYExtension.m in Sources */ = {isa = PBXBuildFile; fileRef = 32418F562059528F00C551FB /* UIScrollView+MYExtension.m */; };
		32418F622059528F00C551FB /* UIScrollView+MYRefresh.m in Sources */ = {isa = PBXBuildFile; fileRef = 32418F582059528F00C551FB /* UIScrollView+MYRefresh.m */; };
		32418F632059528F00C551FB /* UIView+Position.m in Sources */ = {isa = PBXBuildFile; fileRef = 32418F5A2059528F00C551FB /* UIView+Position.m */; };
		324965E31F91A79D0038F187 /* RssFeed.m in Sources */ = {isa = PBXBuildFile; fileRef = 324965E21F91A79D0038F187 /* RssFeed.m */; };
		3265F033205A1ACF008830CB /* Reachability.m in Sources */ = {isa = PBXBuildFile; fileRef = 3265F032205A1ACF008830CB /* Reachability.m */; };
		3265F036205A1BE3008830CB /* NetworkManager.m in Sources */ = {isa = PBXBuildFile; fileRef = 3265F035205A1BE3008830CB /* NetworkManager.m */; };
		326A00CD1F908A1900D314DF /* AppDelegate.m in Sources */ = {isa = PBXBuildFile; fileRef = 326A00CC1F908A1900D314DF /* AppDelegate.m */; };
		326A00D01F908A1900D314DF /* ViewController.m in Sources */ = {isa = PBXBuildFile; fileRef = 326A00CF1F908A1900D314DF /* ViewController.m */; };
		326A00D31F908A1900D314DF /* Main.storyboard in Resources */ = {isa = PBXBuildFile; fileRef = 326A00D11F908A1900D314DF /* Main.storyboard */; };
		326A00D51F908A1900D314DF /* Assets.xcassets in Resources */ = {isa = PBXBuildFile; fileRef = 326A00D41F908A1900D314DF /* Assets.xcassets */; };
		326A00D81F908A1900D314DF /* LaunchScreen.storyboard in Resources */ = {isa = PBXBuildFile; fileRef = 326A00D61F908A1900D314DF /* LaunchScreen.storyboard */; };
		326A00DB1F908A1900D314DF /* main.m in Sources */ = {isa = PBXBuildFile; fileRef = 326A00DA1F908A1900D314DF /* main.m */; };
		326A00E51F908A1900D314DF /* RssReaderTests.m in Sources */ = {isa = PBXBuildFile; fileRef = 326A00E41F908A1900D314DF /* RssReaderTests.m */; };
		326A00F01F908A1900D314DF /* RssReaderUITests.m in Sources */ = {isa = PBXBuildFile; fileRef = 326A00EF1F908A1900D314DF /* RssReaderUITests.m */; };
		326A01001F908B1800D314DF /* RSSItem.m in Sources */ = {isa = PBXBuildFile; fileRef = 326A00FF1F908B1800D314DF /* RSSItem.m */; };
		326A01031F908B4A00D314DF /* RSSParser.m in Sources */ = {isa = PBXBuildFile; fileRef = 326A01021F908B4A00D314DF /* RSSParser.m */; };
		326A01071F908C4500D314DF /* RssCell.m in Sources */ = {isa = PBXBuildFile; fileRef = 326A01061F908C4500D314DF /* RssCell.m */; };
		326A010B1F908DC700D314DF /* DetailViewController.m in Sources */ = {isa = PBXBuildFile; fileRef = 326A010A1F908DC700D314DF /* DetailViewController.m */; };
		326A01151F90928C00D314DF /* CoreData.framework in Frameworks */ = {isa = PBXBuildFile; fileRef = 326A01141F90928C00D314DF /* CoreData.framework */; };
		327197941F90D859008C061D /* FeedsViewController.m in Sources */ = {isa = PBXBuildFile; fileRef = 327197931F90D859008C061D /* FeedsViewController.m */; };
		327197971F90D98B008C061D /* FeedCell.m in Sources */ = {isa = PBXBuildFile; fileRef = 327197961F90D98B008C061D /* FeedCell.m */; };
		3271979A1F90E066008C061D /* NewsViewController.m in Sources */ = {isa = PBXBuildFile; fileRef = 327197991F90E066008C061D /* NewsViewController.m */; };
		328CD123205F931E00D01100 /* No_Connection.png in Resources */ = {isa = PBXBuildFile; fileRef = 328CD122205F931D00D01100 /* No_Connection.png */; };
		32DDD293207B0501006DFD5F /* RealmStorageManager.m in Sources */ = {isa = PBXBuildFile; fileRef = 32DDD292207B0501006DFD5F /* RealmStorageManager.m */; };
/* End PBXBuildFile section */

/* Begin PBXContainerItemProxy section */
		326A00E11F908A1900D314DF /* PBXContainerItemProxy */ = {
			isa = PBXContainerItemProxy;
			containerPortal = 326A00C01F908A1900D314DF /* Project object */;
			proxyType = 1;
			remoteGlobalIDString = 326A00C71F908A1900D314DF;
			remoteInfo = RssReader;
		};
		326A00EC1F908A1900D314DF /* PBXContainerItemProxy */ = {
			isa = PBXContainerItemProxy;
			containerPortal = 326A00C01F908A1900D314DF /* Project object */;
			proxyType = 1;
			remoteGlobalIDString = 326A00C71F908A1900D314DF;
			remoteInfo = RssReader;
		};
/* End PBXContainerItemProxy section */

/* Begin PBXFileReference section */
		323C24EC2079C5A200B18295 /* FeedRealm.h */ = {isa = PBXFileReference; lastKnownFileType = sourcecode.c.h; path = FeedRealm.h; sourceTree = "<group>"; };
		323C24ED2079C5A200B18295 /* FeedRealm.m */ = {isa = PBXFileReference; lastKnownFileType = sourcecode.c.objc; path = FeedRealm.m; sourceTree = "<group>"; };
		323C24EF2079C6D600B18295 /* NewsRealm.h */ = {isa = PBXFileReference; lastKnownFileType = sourcecode.c.h; path = NewsRealm.h; sourceTree = "<group>"; };
		323C24F02079C6D600B18295 /* NewsRealm.m */ = {isa = PBXFileReference; lastKnownFileType = sourcecode.c.objc; path = NewsRealm.m; sourceTree = "<group>"; };
		32418F482059528F00C551FB /* MYRefresh.h */ = {isa = PBXFileReference; fileEncoding = 4; lastKnownFileType = sourcecode.c.h; path = MYRefresh.h; sourceTree = "<group>"; };
		32418F492059528F00C551FB /* MYRefreshAnimationLayer.h */ = {isa = PBXFileReference; fileEncoding = 4; lastKnownFileType = sourcecode.c.h; path = MYRefreshAnimationLayer.h; sourceTree = "<group>"; };
		32418F4A2059528F00C551FB /* MYRefreshAnimationLayer.m */ = {isa = PBXFileReference; fileEncoding = 4; lastKnownFileType = sourcecode.c.objc; path = MYRefreshAnimationLayer.m; sourceTree = "<group>"; };
		32418F4B2059528F00C551FB /* MYRefreshAnimationView.h */ = {isa = PBXFileReference; fileEncoding = 4; lastKnownFileType = sourcecode.c.h; path = MYRefreshAnimationView.h; sourceTree = "<group>"; };
		32418F4C2059528F00C551FB /* MYRefreshAnimationView.m */ = {isa = PBXFileReference; fileEncoding = 4; lastKnownFileType = sourcecode.c.objc; path = MYRefreshAnimationView.m; sourceTree = "<group>"; };
		32418F4D2059528F00C551FB /* MYRefreshComponent.h */ = {isa = PBXFileReference; fileEncoding = 4; lastKnownFileType = sourcecode.c.h; path = MYRefreshComponent.h; sourceTree = "<group>"; };
		32418F4E2059528F00C551FB /* MYRefreshComponent.m */ = {isa = PBXFileReference; fileEncoding = 4; lastKnownFileType = sourcecode.c.objc; path = MYRefreshComponent.m; sourceTree = "<group>"; };
		32418F4F2059528F00C551FB /* MYRefreshConst.h */ = {isa = PBXFileReference; fileEncoding = 4; lastKnownFileType = sourcecode.c.h; path = MYRefreshConst.h; sourceTree = "<group>"; };
		32418F502059528F00C551FB /* MYRefreshConst.m */ = {isa = PBXFileReference; fileEncoding = 4; lastKnownFileType = sourcecode.c.objc; path = MYRefreshConst.m; sourceTree = "<group>"; };
		32418F512059528F00C551FB /* MYRefreshFooter.h */ = {isa = PBXFileReference; fileEncoding = 4; lastKnownFileType = sourcecode.c.h; path = MYRefreshFooter.h; sourceTree = "<group>"; };
		32418F522059528F00C551FB /* MYRefreshFooter.m */ = {isa = PBXFileReference; fileEncoding = 4; lastKnownFileType = sourcecode.c.objc; path = MYRefreshFooter.m; sourceTree = "<group>"; };
		32418F532059528F00C551FB /* MYRefreshHeader.h */ = {isa = PBXFileReference; fileEncoding = 4; lastKnownFileType = sourcecode.c.h; path = MYRefreshHeader.h; sourceTree = "<group>"; };
		32418F542059528F00C551FB /* MYRefreshHeader.m */ = {isa = PBXFileReference; fileEncoding = 4; lastKnownFileType = sourcecode.c.objc; path = MYRefreshHeader.m; sourceTree = "<group>"; };
		32418F552059528F00C551FB /* UIScrollView+MYExtension.h */ = {isa = PBXFileReference; fileEncoding = 4; lastKnownFileType = sourcecode.c.h; path = "UIScrollView+MYExtension.h"; sourceTree = "<group>"; };
		32418F562059528F00C551FB /* UIScrollView+MYExtension.m */ = {isa = PBXFileReference; fileEncoding = 4; lastKnownFileType = sourcecode.c.objc; path = "UIScrollView+MYExtension.m"; sourceTree = "<group>"; };
		32418F572059528F00C551FB /* UIScrollView+MYRefresh.h */ = {isa = PBXFileReference; fileEncoding = 4; lastKnownFileType = sourcecode.c.h; path = "UIScrollView+MYRefresh.h"; sourceTree = "<group>"; };
		32418F582059528F00C551FB /* UIScrollView+MYRefresh.m */ = {isa = PBXFileReference; fileEncoding = 4; lastKnownFileType = sourcecode.c.objc; path = "UIScrollView+MYRefresh.m"; sourceTree = "<group>"; };
		32418F592059528F00C551FB /* UIView+Position.h */ = {isa = PBXFileReference; fileEncoding = 4; lastKnownFileType = sourcecode.c.h; path = "UIView+Position.h"; sourceTree = "<group>"; };
		32418F5A2059528F00C551FB /* UIView+Position.m */ = {isa = PBXFileReference; fileEncoding = 4; lastKnownFileType = sourcecode.c.objc; path = "UIView+Position.m"; sourceTree = "<group>"; };
		324965E11F91A79D0038F187 /* RssFeed.h */ = {isa = PBXFileReference; fileEncoding = 4; lastKnownFileType = sourcecode.c.h; path = RssFeed.h; sourceTree = "<group>"; };
		324965E21F91A79D0038F187 /* RssFeed.m */ = {isa = PBXFileReference; fileEncoding = 4; lastKnownFileType = sourcecode.c.objc; path = RssFeed.m; sourceTree = "<group>"; };
		3265F031205A1ACF008830CB /* Reachability.h */ = {isa = PBXFileReference; lastKnownFileType = sourcecode.c.h; path = Reachability.h; sourceTree = "<group>"; };
		3265F032205A1ACF008830CB /* Reachability.m */ = {isa = PBXFileReference; lastKnownFileType = sourcecode.c.objc; path = Reachability.m; sourceTree = "<group>"; };
		3265F034205A1BE3008830CB /* NetworkManager.h */ = {isa = PBXFileReference; lastKnownFileType = sourcecode.c.h; path = NetworkManager.h; sourceTree = "<group>"; };
		3265F035205A1BE3008830CB /* NetworkManager.m */ = {isa = PBXFileReference; lastKnownFileType = sourcecode.c.objc; path = NetworkManager.m; sourceTree = "<group>"; };
		326A00C81F908A1900D314DF /* RssReader.app */ = {isa = PBXFileReference; explicitFileType = wrapper.application; includeInIndex = 0; path = RssReader.app; sourceTree = BUILT_PRODUCTS_DIR; };
		326A00CB1F908A1900D314DF /* AppDelegate.h */ = {isa = PBXFileReference; lastKnownFileType = sourcecode.c.h; path = AppDelegate.h; sourceTree = "<group>"; };
		326A00CC1F908A1900D314DF /* AppDelegate.m */ = {isa = PBXFileReference; lastKnownFileType = sourcecode.c.objc; path = AppDelegate.m; sourceTree = "<group>"; };
		326A00CE1F908A1900D314DF /* ViewController.h */ = {isa = PBXFileReference; lastKnownFileType = sourcecode.c.h; path = ViewController.h; sourceTree = "<group>"; };
		326A00CF1F908A1900D314DF /* ViewController.m */ = {isa = PBXFileReference; lastKnownFileType = sourcecode.c.objc; path = ViewController.m; sourceTree = "<group>"; };
		326A00D21F908A1900D314DF /* Base */ = {isa = PBXFileReference; lastKnownFileType = file.storyboard; name = Base; path = Base.lproj/Main.storyboard; sourceTree = "<group>"; };
		326A00D41F908A1900D314DF /* Assets.xcassets */ = {isa = PBXFileReference; lastKnownFileType = folder.assetcatalog; path = Assets.xcassets; sourceTree = "<group>"; };
		326A00D71F908A1900D314DF /* Base */ = {isa = PBXFileReference; lastKnownFileType = file.storyboard; name = Base; path = Base.lproj/LaunchScreen.storyboard; sourceTree = "<group>"; };
		326A00D91F908A1900D314DF /* Info.plist */ = {isa = PBXFileReference; lastKnownFileType = text.plist.xml; path = Info.plist; sourceTree = "<group>"; };
		326A00DA1F908A1900D314DF /* main.m */ = {isa = PBXFileReference; lastKnownFileType = sourcecode.c.objc; path = main.m; sourceTree = "<group>"; };
		326A00E01F908A1900D314DF /* RssReaderTests.xctest */ = {isa = PBXFileReference; explicitFileType = wrapper.cfbundle; includeInIndex = 0; path = RssReaderTests.xctest; sourceTree = BUILT_PRODUCTS_DIR; };
		326A00E41F908A1900D314DF /* RssReaderTests.m */ = {isa = PBXFileReference; lastKnownFileType = sourcecode.c.objc; path = RssReaderTests.m; sourceTree = "<group>"; };
		326A00E61F908A1900D314DF /* Info.plist */ = {isa = PBXFileReference; lastKnownFileType = text.plist.xml; path = Info.plist; sourceTree = "<group>"; };
		326A00EB1F908A1900D314DF /* RssReaderUITests.xctest */ = {isa = PBXFileReference; explicitFileType = wrapper.cfbundle; includeInIndex = 0; path = RssReaderUITests.xctest; sourceTree = BUILT_PRODUCTS_DIR; };
		326A00EF1F908A1900D314DF /* RssReaderUITests.m */ = {isa = PBXFileReference; lastKnownFileType = sourcecode.c.objc; path = RssReaderUITests.m; sourceTree = "<group>"; };
		326A00F11F908A1900D314DF /* Info.plist */ = {isa = PBXFileReference; lastKnownFileType = text.plist.xml; path = Info.plist; sourceTree = "<group>"; };
		326A00FE1F908B1800D314DF /* RSSItem.h */ = {isa = PBXFileReference; lastKnownFileType = sourcecode.c.h; path = RSSItem.h; sourceTree = "<group>"; };
		326A00FF1F908B1800D314DF /* RSSItem.m */ = {isa = PBXFileReference; lastKnownFileType = sourcecode.c.objc; path = RSSItem.m; sourceTree = "<group>"; };
		326A01011F908B4A00D314DF /* RSSParser.h */ = {isa = PBXFileReference; lastKnownFileType = sourcecode.c.h; path = RSSParser.h; sourceTree = "<group>"; };
		326A01021F908B4A00D314DF /* RSSParser.m */ = {isa = PBXFileReference; lastKnownFileType = sourcecode.c.objc; path = RSSParser.m; sourceTree = "<group>"; };
		326A01051F908C4500D314DF /* RssCell.h */ = {isa = PBXFileReference; lastKnownFileType = sourcecode.c.h; path = RssCell.h; sourceTree = "<group>"; };
		326A01061F908C4500D314DF /* RssCell.m */ = {isa = PBXFileReference; lastKnownFileType = sourcecode.c.objc; path = RssCell.m; sourceTree = "<group>"; };
		326A01091F908DC700D314DF /* DetailViewController.h */ = {isa = PBXFileReference; lastKnownFileType = sourcecode.c.h; path = DetailViewController.h; sourceTree = "<group>"; };
		326A010A1F908DC700D314DF /* DetailViewController.m */ = {isa = PBXFileReference; lastKnownFileType = sourcecode.c.objc; path = DetailViewController.m; sourceTree = "<group>"; };
		326A01141F90928C00D314DF /* CoreData.framework */ = {isa = PBXFileReference; lastKnownFileType = wrapper.framework; name = CoreData.framework; path = System/Library/Frameworks/CoreData.framework; sourceTree = SDKROOT; };
		327197921F90D859008C061D /* FeedsViewController.h */ = {isa = PBXFileReference; lastKnownFileType = sourcecode.c.h; path = FeedsViewController.h; sourceTree = "<group>"; };
		327197931F90D859008C061D /* FeedsViewController.m */ = {isa = PBXFileReference; lastKnownFileType = sourcecode.c.objc; path = FeedsViewController.m; sourceTree = "<group>"; };
		327197951F90D98B008C061D /* FeedCell.h */ = {isa = PBXFileReference; lastKnownFileType = sourcecode.c.h; path = FeedCell.h; sourceTree = "<group>"; };
		327197961F90D98B008C061D /* FeedCell.m */ = {isa = PBXFileReference; lastKnownFileType = sourcecode.c.objc; path = FeedCell.m; sourceTree = "<group>"; };
		327197981F90E066008C061D /* NewsViewController.h */ = {isa = PBXFileReference; lastKnownFileType = sourcecode.c.h; path = NewsViewController.h; sourceTree = "<group>"; };
		327197991F90E066008C061D /* NewsViewController.m */ = {isa = PBXFileReference; lastKnownFileType = sourcecode.c.objc; path = NewsViewController.m; sourceTree = "<group>"; };
		328CD122205F931D00D01100 /* No_Connection.png */ = {isa = PBXFileReference; lastKnownFileType = image.png; path = No_Connection.png; sourceTree = "<group>"; };
		32DDD291207B0501006DFD5F /* RealmStorageManager.h */ = {isa = PBXFileReference; lastKnownFileType = sourcecode.c.h; path = RealmStorageManager.h; sourceTree = "<group>"; };
		32DDD292207B0501006DFD5F /* RealmStorageManager.m */ = {isa = PBXFileReference; lastKnownFileType = sourcecode.c.objc; path = RealmStorageManager.m; sourceTree = "<group>"; };
		63448276DFFEB82266A506E6 /* Pods-RssReader.release.xcconfig */ = {isa = PBXFileReference; includeInIndex = 1; lastKnownFileType = text.xcconfig; name = "Pods-RssReader.release.xcconfig"; path = "Pods/Target Support Files/Pods-RssReader/Pods-RssReader.release.xcconfig"; sourceTree = "<group>"; };
		9F843B1741658D19BC5DF795 /* libPods-RssReader.a */ = {isa = PBXFileReference; explicitFileType = archive.ar; includeInIndex = 0; path = "libPods-RssReader.a"; sourceTree = BUILT_PRODUCTS_DIR; };
		FD9415A7E6D486B800D57F4C /* Pods-RssReader.debug.xcconfig */ = {isa = PBXFileReference; includeInIndex = 1; lastKnownFileType = text.xcconfig; name = "Pods-RssReader.debug.xcconfig"; path = "Pods/Target Support Files/Pods-RssReader/Pods-RssReader.debug.xcconfig"; sourceTree = "<group>"; };
/* End PBXFileReference section */

/* Begin PBXFrameworksBuildPhase section */
		326A00C51F908A1900D314DF /* Frameworks */ = {
			isa = PBXFrameworksBuildPhase;
			buildActionMask = 2147483647;
			files = (
				326A01151F90928C00D314DF /* CoreData.framework in Frameworks */,
				1A3C2A844BBDB052A59E0E33 /* libPods-RssReader.a in Frameworks */,
			);
			runOnlyForDeploymentPostprocessing = 0;
		};
		326A00DD1F908A1900D314DF /* Frameworks */ = {
			isa = PBXFrameworksBuildPhase;
			buildActionMask = 2147483647;
			files = (
			);
			runOnlyForDeploymentPostprocessing = 0;
		};
		326A00E81F908A1900D314DF /* Frameworks */ = {
			isa = PBXFrameworksBuildPhase;
			buildActionMask = 2147483647;
			files = (
			);
			runOnlyForDeploymentPostprocessing = 0;
		};
/* End PBXFrameworksBuildPhase section */

/* Begin PBXGroup section */
		106ACE7738B1A9C86E62BF5A /* Pods */ = {
			isa = PBXGroup;
			children = (
				FD9415A7E6D486B800D57F4C /* Pods-RssReader.debug.xcconfig */,
				63448276DFFEB82266A506E6 /* Pods-RssReader.release.xcconfig */,
			);
			name = Pods;
			sourceTree = "<group>";
		};
		3232019F1F9105D500403A42 /* Classes */ = {
			isa = PBXGroup;
			children = (
				3265F02D205A1989008830CB /* Network */,
				32418F472059528F00C551FB /* MYRefresh */,
			);
			path = Classes;
			sourceTree = "<group>";
		};
		32418F472059528F00C551FB /* MYRefresh */ = {
			isa = PBXGroup;
			children = (
				32418F482059528F00C551FB /* MYRefresh.h */,
				32418F492059528F00C551FB /* MYRefreshAnimationLayer.h */,
				32418F4A2059528F00C551FB /* MYRefreshAnimationLayer.m */,
				32418F4B2059528F00C551FB /* MYRefreshAnimationView.h */,
				32418F4C2059528F00C551FB /* MYRefreshAnimationView.m */,
				32418F4D2059528F00C551FB /* MYRefreshComponent.h */,
				32418F4E2059528F00C551FB /* MYRefreshComponent.m */,
				32418F4F2059528F00C551FB /* MYRefreshConst.h */,
				32418F502059528F00C551FB /* MYRefreshConst.m */,
				32418F512059528F00C551FB /* MYRefreshFooter.h */,
				32418F522059528F00C551FB /* MYRefreshFooter.m */,
				32418F532059528F00C551FB /* MYRefreshHeader.h */,
				32418F542059528F00C551FB /* MYRefreshHeader.m */,
				32418F552059528F00C551FB /* UIScrollView+MYExtension.h */,
				32418F562059528F00C551FB /* UIScrollView+MYExtension.m */,
				32418F572059528F00C551FB /* UIScrollView+MYRefresh.h */,
				32418F582059528F00C551FB /* UIScrollView+MYRefresh.m */,
				32418F592059528F00C551FB /* UIView+Position.h */,
				32418F5A2059528F00C551FB /* UIView+Position.m */,
			);
			path = MYRefresh;
			sourceTree = "<group>";
		};
		3265F02D205A1989008830CB /* Network */ = {
			isa = PBXGroup;
			children = (
				328CD122205F931D00D01100 /* No_Connection.png */,
				3265F031205A1ACF008830CB /* Reachability.h */,
				3265F032205A1ACF008830CB /* Reachability.m */,
				3265F034205A1BE3008830CB /* NetworkManager.h */,
				3265F035205A1BE3008830CB /* NetworkManager.m */,
			);
			path = Network;
			sourceTree = "<group>";
		};
		326A00BF1F908A1900D314DF = {
			isa = PBXGroup;
			children = (
				326A00CA1F908A1900D314DF /* RssReader */,
				326A00E31F908A1900D314DF /* RssReaderTests */,
				326A00EE1F908A1900D314DF /* RssReaderUITests */,
				326A00C91F908A1900D314DF /* Products */,
				326A01131F90928C00D314DF /* Frameworks */,
				106ACE7738B1A9C86E62BF5A /* Pods */,
			);
			sourceTree = "<group>";
		};
		326A00C91F908A1900D314DF /* Products */ = {
			isa = PBXGroup;
			children = (
				326A00C81F908A1900D314DF /* RssReader.app */,
				326A00E01F908A1900D314DF /* RssReaderTests.xctest */,
				326A00EB1F908A1900D314DF /* RssReaderUITests.xctest */,
			);
			name = Products;
			sourceTree = "<group>";
		};
		326A00CA1F908A1900D314DF /* RssReader */ = {
			isa = PBXGroup;
			children = (
				326A01041F908C2100D314DF /* Cells */,
				3232019F1F9105D500403A42 /* Classes */,
				326A01081F908DA600D314DF /* Pages */,
				326A00FD1F908AF900D314DF /* RSS */,
				32DDD294207B05B5006DFD5F /* RealmStorage */,
				326A00CB1F908A1900D314DF /* AppDelegate.h */,
				326A00CC1F908A1900D314DF /* AppDelegate.m */,
				326A00CE1F908A1900D314DF /* ViewController.h */,
				326A00CF1F908A1900D314DF /* ViewController.m */,
				326A00D11F908A1900D314DF /* Main.storyboard */,
				326A00D41F908A1900D314DF /* Assets.xcassets */,
				326A00D61F908A1900D314DF /* LaunchScreen.storyboard */,
				326A00D91F908A1900D314DF /* Info.plist */,
				326A00DA1F908A1900D314DF /* main.m */,
			);
			path = RssReader;
			sourceTree = "<group>";
		};
		326A00E31F908A1900D314DF /* RssReaderTests */ = {
			isa = PBXGroup;
			children = (
				326A00E41F908A1900D314DF /* RssReaderTests.m */,
				326A00E61F908A1900D314DF /* Info.plist */,
			);
			path = RssReaderTests;
			sourceTree = "<group>";
		};
		326A00EE1F908A1900D314DF /* RssReaderUITests */ = {
			isa = PBXGroup;
			children = (
				326A00EF1F908A1900D314DF /* RssReaderUITests.m */,
				326A00F11F908A1900D314DF /* Info.plist */,
			);
			path = RssReaderUITests;
			sourceTree = "<group>";
		};
		326A00FD1F908AF900D314DF /* RSS */ = {
			isa = PBXGroup;
			children = (
				324965E11F91A79D0038F187 /* RssFeed.h */,
				324965E21F91A79D0038F187 /* RssFeed.m */,
				326A00FE1F908B1800D314DF /* RSSItem.h */,
				326A00FF1F908B1800D314DF /* RSSItem.m */,
				326A01011F908B4A00D314DF /* RSSParser.h */,
				326A01021F908B4A00D314DF /* RSSParser.m */,
			);
			path = RSS;
			sourceTree = "<group>";
		};
		326A01041F908C2100D314DF /* Cells */ = {
			isa = PBXGroup;
			children = (
				326A01051F908C4500D314DF /* RssCell.h */,
				326A01061F908C4500D314DF /* RssCell.m */,
				327197951F90D98B008C061D /* FeedCell.h */,
				327197961F90D98B008C061D /* FeedCell.m */,
			);
			path = Cells;
			sourceTree = "<group>";
		};
		326A01081F908DA600D314DF /* Pages */ = {
			isa = PBXGroup;
			children = (
				326A01091F908DC700D314DF /* DetailViewController.h */,
				326A010A1F908DC700D314DF /* DetailViewController.m */,
				327197921F90D859008C061D /* FeedsViewController.h */,
				327197931F90D859008C061D /* FeedsViewController.m */,
				327197981F90E066008C061D /* NewsViewController.h */,
				327197991F90E066008C061D /* NewsViewController.m */,
			);
			path = Pages;
			sourceTree = "<group>";
		};
		326A01131F90928C00D314DF /* Frameworks */ = {
			isa = PBXGroup;
			children = (
				326A01141F90928C00D314DF /* CoreData.framework */,
				9F843B1741658D19BC5DF795 /* libPods-RssReader.a */,
			);
			name = Frameworks;
			sourceTree = "<group>";
		};
		32DDD294207B05B5006DFD5F /* RealmStorage */ = {
			isa = PBXGroup;
			children = (
				323C24EC2079C5A200B18295 /* FeedRealm.h */,
				323C24ED2079C5A200B18295 /* FeedRealm.m */,
				323C24EF2079C6D600B18295 /* NewsRealm.h */,
				323C24F02079C6D600B18295 /* NewsRealm.m */,
				32DDD291207B0501006DFD5F /* RealmStorageManager.h */,
				32DDD292207B0501006DFD5F /* RealmStorageManager.m */,
			);
			path = RealmStorage;
			sourceTree = "<group>";
		};
/* End PBXGroup section */

/* Begin PBXNativeTarget section */
		326A00C71F908A1900D314DF /* RssReader */ = {
			isa = PBXNativeTarget;
			buildConfigurationList = 326A00F41F908A1900D314DF /* Build configuration list for PBXNativeTarget "RssReader" */;
			buildPhases = (
				AF2EEA6AA13BADD3DA5C6BCB /* [CP] Check Pods Manifest.lock */,
				326A00C41F908A1900D314DF /* Sources */,
				326A00C51F908A1900D314DF /* Frameworks */,
				326A00C61F908A1900D314DF /* Resources */,
			);
			buildRules = (
			);
			dependencies = (
			);
			name = RssReader;
			productName = RssReader;
			productReference = 326A00C81F908A1900D314DF /* RssReader.app */;
			productType = "com.apple.product-type.application";
		};
		326A00DF1F908A1900D314DF /* RssReaderTests */ = {
			isa = PBXNativeTarget;
			buildConfigurationList = 326A00F71F908A1900D314DF /* Build configuration list for PBXNativeTarget "RssReaderTests" */;
			buildPhases = (
				326A00DC1F908A1900D314DF /* Sources */,
				326A00DD1F908A1900D314DF /* Frameworks */,
				326A00DE1F908A1900D314DF /* Resources */,
			);
			buildRules = (
			);
			dependencies = (
				326A00E21F908A1900D314DF /* PBXTargetDependency */,
			);
			name = RssReaderTests;
			productName = RssReaderTests;
			productReference = 326A00E01F908A1900D314DF /* RssReaderTests.xctest */;
			productType = "com.apple.product-type.bundle.unit-test";
		};
		326A00EA1F908A1900D314DF /* RssReaderUITests */ = {
			isa = PBXNativeTarget;
			buildConfigurationList = 326A00FA1F908A1900D314DF /* Build configuration list for PBXNativeTarget "RssReaderUITests" */;
			buildPhases = (
				326A00E71F908A1900D314DF /* Sources */,
				326A00E81F908A1900D314DF /* Frameworks */,
				326A00E91F908A1900D314DF /* Resources */,
			);
			buildRules = (
			);
			dependencies = (
				326A00ED1F908A1900D314DF /* PBXTargetDependency */,
			);
			name = RssReaderUITests;
			productName = RssReaderUITests;
			productReference = 326A00EB1F908A1900D314DF /* RssReaderUITests.xctest */;
			productType = "com.apple.product-type.bundle.ui-testing";
		};
/* End PBXNativeTarget section */

/* Begin PBXProject section */
		326A00C01F908A1900D314DF /* Project object */ = {
			isa = PBXProject;
			attributes = {
				LastUpgradeCheck = 0900;
				ORGANIZATIONNAME = dima;
				TargetAttributes = {
					326A00C71F908A1900D314DF = {
						CreatedOnToolsVersion = 9.0;
						ProvisioningStyle = Manual;
					};
					326A00DF1F908A1900D314DF = {
						CreatedOnToolsVersion = 9.0;
						ProvisioningStyle = Automatic;
						TestTargetID = 326A00C71F908A1900D314DF;
					};
					326A00EA1F908A1900D314DF = {
						CreatedOnToolsVersion = 9.0;
						ProvisioningStyle = Automatic;
						TestTargetID = 326A00C71F908A1900D314DF;
					};
				};
			};
			buildConfigurationList = 326A00C31F908A1900D314DF /* Build configuration list for PBXProject "RssReader" */;
			compatibilityVersion = "Xcode 8.0";
			developmentRegion = en;
			hasScannedForEncodings = 0;
			knownRegions = (
				en,
				Base,
			);
			mainGroup = 326A00BF1F908A1900D314DF;
			productRefGroup = 326A00C91F908A1900D314DF /* Products */;
			projectDirPath = "";
			projectRoot = "";
			targets = (
				326A00C71F908A1900D314DF /* RssReader */,
				326A00DF1F908A1900D314DF /* RssReaderTests */,
				326A00EA1F908A1900D314DF /* RssReaderUITests */,
			);
		};
/* End PBXProject section */

/* Begin PBXResourcesBuildPhase section */
		326A00C61F908A1900D314DF /* Resources */ = {
			isa = PBXResourcesBuildPhase;
			buildActionMask = 2147483647;
			files = (
				328CD123205F931E00D01100 /* No_Connection.png in Resources */,
				326A00D81F908A1900D314DF /* LaunchScreen.storyboard in Resources */,
				326A00D51F908A1900D314DF /* Assets.xcassets in Resources */,
				326A00D31F908A1900D314DF /* Main.storyboard in Resources */,
			);
			runOnlyForDeploymentPostprocessing = 0;
		};
		326A00DE1F908A1900D314DF /* Resources */ = {
			isa = PBXResourcesBuildPhase;
			buildActionMask = 2147483647;
			files = (
			);
			runOnlyForDeploymentPostprocessing = 0;
		};
		326A00E91F908A1900D314DF /* Resources */ = {
			isa = PBXResourcesBuildPhase;
			buildActionMask = 2147483647;
			files = (
			);
			runOnlyForDeploymentPostprocessing = 0;
		};
/* End PBXResourcesBuildPhase section */

/* Begin PBXShellScriptBuildPhase section */
		AF2EEA6AA13BADD3DA5C6BCB /* [CP] Check Pods Manifest.lock */ = {
			isa = PBXShellScriptBuildPhase;
			buildActionMask = 2147483647;
			files = (
			);
			inputPaths = (
				"${PODS_PODFILE_DIR_PATH}/Podfile.lock",
				"${PODS_ROOT}/Manifest.lock",
			);
			name = "[CP] Check Pods Manifest.lock";
			outputPaths = (
				"$(DERIVED_FILE_DIR)/Pods-RssReader-checkManifestLockResult.txt",
			);
			runOnlyForDeploymentPostprocessing = 0;
			shellPath = /bin/sh;
			shellScript = "diff \"${PODS_PODFILE_DIR_PATH}/Podfile.lock\" \"${PODS_ROOT}/Manifest.lock\" > /dev/null\nif [ $? != 0 ] ; then\n    # print error to STDERR\n    echo \"error: The sandbox is not in sync with the Podfile.lock. Run 'pod install' or update your CocoaPods installation.\" >&2\n    exit 1\nfi\n# This output is used by Xcode 'outputs' to avoid re-running this script phase.\necho \"SUCCESS\" > \"${SCRIPT_OUTPUT_FILE_0}\"\n";
			showEnvVarsInLog = 0;
		};
/* End PBXShellScriptBuildPhase section */

/* Begin PBXSourcesBuildPhase section */
		326A00C41F908A1900D314DF /* Sources */ = {
			isa = PBXSourcesBuildPhase;
			buildActionMask = 2147483647;
			files = (
				32418F5B2059528F00C551FB /* MYRefreshAnimationLayer.m in Sources */,
				32418F632059528F00C551FB /* UIView+Position.m in Sources */,
				326A00D01F908A1900D314DF /* ViewController.m in Sources */,
				326A00DB1F908A1900D314DF /* main.m in Sources */,
				32DDD293207B0501006DFD5F /* RealmStorageManager.m in Sources */,
				326A01031F908B4A00D314DF /* RSSParser.m in Sources */,
				327197941F90D859008C061D /* FeedsViewController.m in Sources */,
				32418F602059528F00C551FB /* MYRefreshHeader.m in Sources */,
				32418F612059528F00C551FB /* UIScrollView+MYExtension.m in Sources */,
				3271979A1F90E066008C061D /* NewsViewController.m in Sources */,
				32418F5D2059528F00C551FB /* MYRefreshComponent.m in Sources */,
				326A00CD1F908A1900D314DF /* AppDelegate.m in Sources */,
				32418F5E2059528F00C551FB /* MYRefreshConst.m in Sources */,
				326A01071F908C4500D314DF /* RssCell.m in Sources */,
				32418F5F2059528F00C551FB /* MYRefreshFooter.m in Sources */,
				3265F036205A1BE3008830CB /* NetworkManager.m in Sources */,
				327197971F90D98B008C061D /* FeedCell.m in Sources */,
				323C24EE2079C5A200B18295 /* FeedRealm.m in Sources */,
				3265F033205A1ACF008830CB /* Reachability.m in Sources */,
				326A01001F908B1800D314DF /* RSSItem.m in Sources */,
				323C24F12079C6D600B18295 /* NewsRealm.m in Sources */,
				32418F5C2059528F00C551FB /* MYRefreshAnimationView.m in Sources */,
				32418F622059528F00C551FB /* UIScrollView+MYRefresh.m in Sources */,
				324965E31F91A79D0038F187 /* RssFeed.m in Sources */,
				326A010B1F908DC700D314DF /* DetailViewController.m in Sources */,
			);
			runOnlyForDeploymentPostprocessing = 0;
		};
		326A00DC1F908A1900D314DF /* Sources */ = {
			isa = PBXSourcesBuildPhase;
			buildActionMask = 2147483647;
			files = (
				326A00E51F908A1900D314DF /* RssReaderTests.m in Sources */,
			);
			runOnlyForDeploymentPostprocessing = 0;
		};
		326A00E71F908A1900D314DF /* Sources */ = {
			isa = PBXSourcesBuildPhase;
			buildActionMask = 2147483647;
			files = (
				326A00F01F908A1900D314DF /* RssReaderUITests.m in Sources */,
			);
			runOnlyForDeploymentPostprocessing = 0;
		};
/* End PBXSourcesBuildPhase section */

/* Begin PBXTargetDependency section */
		326A00E21F908A1900D314DF /* PBXTargetDependency */ = {
			isa = PBXTargetDependency;
			target = 326A00C71F908A1900D314DF /* RssReader */;
			targetProxy = 326A00E11F908A1900D314DF /* PBXContainerItemProxy */;
		};
		326A00ED1F908A1900D314DF /* PBXTargetDependency */ = {
			isa = PBXTargetDependency;
			target = 326A00C71F908A1900D314DF /* RssReader */;
			targetProxy = 326A00EC1F908A1900D314DF /* PBXContainerItemProxy */;
		};
/* End PBXTargetDependency section */

/* Begin PBXVariantGroup section */
		326A00D11F908A1900D314DF /* Main.storyboard */ = {
			isa = PBXVariantGroup;
			children = (
				326A00D21F908A1900D314DF /* Base */,
			);
			name = Main.storyboard;
			sourceTree = "<group>";
		};
		326A00D61F908A1900D314DF /* LaunchScreen.storyboard */ = {
			isa = PBXVariantGroup;
			children = (
				326A00D71F908A1900D314DF /* Base */,
			);
			name = LaunchScreen.storyboard;
			sourceTree = "<group>";
		};
/* End PBXVariantGroup section */

/* Begin XCBuildConfiguration section */
		326A00F21F908A1900D314DF /* Debug */ = {
			isa = XCBuildConfiguration;
			buildSettings = {
				ALWAYS_SEARCH_USER_PATHS = NO;
				CLANG_ANALYZER_NONNULL = YES;
				CLANG_ANALYZER_NUMBER_OBJECT_CONVERSION = YES_AGGRESSIVE;
				CLANG_CXX_LANGUAGE_STANDARD = "gnu++14";
				CLANG_CXX_LIBRARY = "libc++";
				CLANG_ENABLE_MODULES = YES;
				CLANG_ENABLE_OBJC_ARC = YES;
				CLANG_WARN_BLOCK_CAPTURE_AUTORELEASING = YES;
				CLANG_WARN_BOOL_CONVERSION = YES;
				CLANG_WARN_COMMA = YES;
				CLANG_WARN_CONSTANT_CONVERSION = YES;
				CLANG_WARN_DIRECT_OBJC_ISA_USAGE = YES_ERROR;
				CLANG_WARN_DOCUMENTATION_COMMENTS = YES;
				CLANG_WARN_EMPTY_BODY = YES;
				CLANG_WARN_ENUM_CONVERSION = YES;
				CLANG_WARN_INFINITE_RECURSION = YES;
				CLANG_WARN_INT_CONVERSION = YES;
				CLANG_WARN_NON_LITERAL_NULL_CONVERSION = YES;
				CLANG_WARN_OBJC_LITERAL_CONVERSION = YES;
				CLANG_WARN_OBJC_ROOT_CLASS = YES_ERROR;
				CLANG_WARN_RANGE_LOOP_ANALYSIS = YES;
				CLANG_WARN_STRICT_PROTOTYPES = YES;
				CLANG_WARN_SUSPICIOUS_MOVE = YES;
				CLANG_WARN_UNGUARDED_AVAILABILITY = YES_AGGRESSIVE;
				CLANG_WARN_UNREACHABLE_CODE = YES;
				CLANG_WARN__DUPLICATE_METHOD_MATCH = YES;
				CODE_SIGN_IDENTITY = "iPhone Developer";
				COPY_PHASE_STRIP = NO;
				DEBUG_INFORMATION_FORMAT = dwarf;
				ENABLE_STRICT_OBJC_MSGSEND = YES;
				ENABLE_TESTABILITY = YES;
				GCC_C_LANGUAGE_STANDARD = gnu11;
				GCC_DYNAMIC_NO_PIC = NO;
				GCC_NO_COMMON_BLOCKS = YES;
				GCC_OPTIMIZATION_LEVEL = 0;
				GCC_PREPROCESSOR_DEFINITIONS = (
					"DEBUG=1",
					"$(inherited)",
				);
				GCC_WARN_64_TO_32_BIT_CONVERSION = YES;
				GCC_WARN_ABOUT_RETURN_TYPE = YES_ERROR;
				GCC_WARN_UNDECLARED_SELECTOR = YES;
				GCC_WARN_UNINITIALIZED_AUTOS = YES_AGGRESSIVE;
				GCC_WARN_UNUSED_FUNCTION = YES;
				GCC_WARN_UNUSED_VARIABLE = YES;
				IPHONEOS_DEPLOYMENT_TARGET = 9.1;
				MTL_ENABLE_DEBUG_INFO = YES;
				ONLY_ACTIVE_ARCH = YES;
				SDKROOT = iphoneos;
			};
			name = Debug;
		};
		326A00F31F908A1900D314DF /* Release */ = {
			isa = XCBuildConfiguration;
			buildSettings = {
				ALWAYS_SEARCH_USER_PATHS = NO;
				CLANG_ANALYZER_NONNULL = YES;
				CLANG_ANALYZER_NUMBER_OBJECT_CONVERSION = YES_AGGRESSIVE;
				CLANG_CXX_LANGUAGE_STANDARD = "gnu++14";
				CLANG_CXX_LIBRARY = "libc++";
				CLANG_ENABLE_MODULES = YES;
				CLANG_ENABLE_OBJC_ARC = YES;
				CLANG_WARN_BLOCK_CAPTURE_AUTORELEASING = YES;
				CLANG_WARN_BOOL_CONVERSION = YES;
				CLANG_WARN_COMMA = YES;
				CLANG_WARN_CONSTANT_CONVERSION = YES;
				CLANG_WARN_DIRECT_OBJC_ISA_USAGE = YES_ERROR;
				CLANG_WARN_DOCUMENTATION_COMMENTS = YES;
				CLANG_WARN_EMPTY_BODY = YES;
				CLANG_WARN_ENUM_CONVERSION = YES;
				CLANG_WARN_INFINITE_RECURSION = YES;
				CLANG_WARN_INT_CONVERSION = YES;
				CLANG_WARN_NON_LITERAL_NULL_CONVERSION = YES;
				CLANG_WARN_OBJC_LITERAL_CONVERSION = YES;
				CLANG_WARN_OBJC_ROOT_CLASS = YES_ERROR;
				CLANG_WARN_RANGE_LOOP_ANALYSIS = YES;
				CLANG_WARN_STRICT_PROTOTYPES = YES;
				CLANG_WARN_SUSPICIOUS_MOVE = YES;
				CLANG_WARN_UNGUARDED_AVAILABILITY = YES_AGGRESSIVE;
				CLANG_WARN_UNREACHABLE_CODE = YES;
				CLANG_WARN__DUPLICATE_METHOD_MATCH = YES;
				CODE_SIGN_IDENTITY = "iPhone Developer";
				COPY_PHASE_STRIP = NO;
				DEBUG_INFORMATION_FORMAT = "dwarf-with-dsym";
				ENABLE_NS_ASSERTIONS = NO;
				ENABLE_STRICT_OBJC_MSGSEND = YES;
				GCC_C_LANGUAGE_STANDARD = gnu11;
				GCC_NO_COMMON_BLOCKS = YES;
				GCC_WARN_64_TO_32_BIT_CONVERSION = YES;
				GCC_WARN_ABOUT_RETURN_TYPE = YES_ERROR;
				GCC_WARN_UNDECLARED_SELECTOR = YES;
				GCC_WARN_UNINITIALIZED_AUTOS = YES_AGGRESSIVE;
				GCC_WARN_UNUSED_FUNCTION = YES;
				GCC_WARN_UNUSED_VARIABLE = YES;
				IPHONEOS_DEPLOYMENT_TARGET = 9.1;
				MTL_ENABLE_DEBUG_INFO = NO;
				SDKROOT = iphoneos;
				VALIDATE_PRODUCT = YES;
			};
			name = Release;
		};
		326A00F51F908A1900D314DF /* Debug */ = {
			isa = XCBuildConfiguration;
			baseConfigurationReference = FD9415A7E6D486B800D57F4C /* Pods-RssReader.debug.xcconfig */;
			buildSettings = {
				ASSETCATALOG_COMPILER_APPICON_NAME = AppIcon;
				CODE_SIGN_IDENTITY = "iPhone Developer: dimangty1@icloud.com (HEUJ4TELNK)";
				"CODE_SIGN_IDENTITY[sdk=iphoneos*]" = "iPhone Developer";
				CODE_SIGN_STYLE = Manual;
				DEVELOPMENT_TEAM = "";
				INFOPLIST_FILE = RssReader/Info.plist;
				IPHONEOS_DEPLOYMENT_TARGET = 9.1;
				LD_RUNPATH_SEARCH_PATHS = "$(inherited) @executable_path/Frameworks";
				PRODUCT_BUNDLE_IDENTIFIER = com.my.AdobeUI;
				PRODUCT_NAME = "$(TARGET_NAME)";
				PROVISIONING_PROFILE_SPECIFIER = "";
				TARGETED_DEVICE_FAMILY = "1,2";
			};
			name = Debug;
		};
		326A00F61F908A1900D314DF /* Release */ = {
			isa = XCBuildConfiguration;
			baseConfigurationReference = 63448276DFFEB82266A506E6 /* Pods-RssReader.release.xcconfig */;
			buildSettings = {
				ASSETCATALOG_COMPILER_APPICON_NAME = AppIcon;
				CODE_SIGN_IDENTITY = "iPhone Developer: dimangty1@icloud.com (HEUJ4TELNK)";
				"CODE_SIGN_IDENTITY[sdk=iphoneos*]" = "iPhone Developer";
				CODE_SIGN_STYLE = Manual;
				DEVELOPMENT_TEAM = "";
				INFOPLIST_FILE = RssReader/Info.plist;
				IPHONEOS_DEPLOYMENT_TARGET = 9.1;
				LD_RUNPATH_SEARCH_PATHS = "$(inherited) @executable_path/Frameworks";
				PRODUCT_BUNDLE_IDENTIFIER = com.my.AdobeUI;
				PRODUCT_NAME = "$(TARGET_NAME)";
				PROVISIONING_PROFILE_SPECIFIER = "";
				TARGETED_DEVICE_FAMILY = "1,2";
			};
			name = Release;
		};
		326A00F81F908A1900D314DF /* Debug */ = {
			isa = XCBuildConfiguration;
			buildSettings = {
				BUNDLE_LOADER = "$(TEST_HOST)";
				CODE_SIGN_STYLE = Automatic;
				INFOPLIST_FILE = RssReaderTests/Info.plist;
				LD_RUNPATH_SEARCH_PATHS = "$(inherited) @executable_path/Frameworks @loader_path/Frameworks";
				PRODUCT_BUNDLE_IDENTIFIER = com.my.RssReaderTests;
				PRODUCT_NAME = "$(TARGET_NAME)";
				TARGETED_DEVICE_FAMILY = "1,2";
				TEST_HOST = "$(BUILT_PRODUCTS_DIR)/RssReader.app/RssReader";
			};
			name = Debug;
		};
		326A00F91F908A1900D314DF /* Release */ = {
			isa = XCBuildConfiguration;
			buildSettings = {
				BUNDLE_LOADER = "$(TEST_HOST)";
				CODE_SIGN_STYLE = Automatic;
				INFOPLIST_FILE = RssReaderTests/Info.plist;
				LD_RUNPATH_SEARCH_PATHS = "$(inherited) @executable_path/Frameworks @loader_path/Frameworks";
				PRODUCT_BUNDLE_IDENTIFIER = com.my.RssReaderTests;
				PRODUCT_NAME = "$(TARGET_NAME)";
				TARGETED_DEVICE_FAMILY = "1,2";
				TEST_HOST = "$(BUILT_PRODUCTS_DIR)/RssReader.app/RssReader";
			};
			name = Release;
		};
		326A00FB1F908A1900D314DF /* Debug */ = {
			isa = XCBuildConfiguration;
			buildSettings = {
				CODE_SIGN_STYLE = Automatic;
				INFOPLIST_FILE = RssReaderUITests/Info.plist;
				LD_RUNPATH_SEARCH_PATHS = "$(inherited) @executable_path/Frameworks @loader_path/Frameworks";
				PRODUCT_BUNDLE_IDENTIFIER = com.my.RssReaderUITests;
				PRODUCT_NAME = "$(TARGET_NAME)";
				TARGETED_DEVICE_FAMILY = "1,2";
				TEST_TARGET_NAME = RssReader;
			};
			name = Debug;
		};
		326A00FC1F908A1900D314DF /* Release */ = {
			isa = XCBuildConfiguration;
			buildSettings = {
				CODE_SIGN_STYLE = Automatic;
				INFOPLIST_FILE = RssReaderUITests/Info.plist;
				LD_RUNPATH_SEARCH_PATHS = "$(inherited) @executable_path/Frameworks @loader_path/Frameworks";
				PRODUCT_BUNDLE_IDENTIFIER = com.my.RssReaderUITests;
				PRODUCT_NAME = "$(TARGET_NAME)";
				TARGETED_DEVICE_FAMILY = "1,2";
				TEST_TARGET_NAME = RssReader;
			};
			name = Release;
		};
/* End XCBuildConfiguration section */

/* Begin XCConfigurationList section */
		326A00C31F908A1900D314DF /* Build configuration list for PBXProject "RssReader" */ = {
			isa = XCConfigurationList;
			buildConfigurations = (
				326A00F21F908A1900D314DF /* Debug */,
				326A00F31F908A1900D314DF /* Release */,
			);
			defaultConfigurationIsVisible = 0;
			defaultConfigurationName = Release;
		};
		326A00F41F908A1900D314DF /* Build configuration list for PBXNativeTarget "RssReader" */ = {
			isa = XCConfigurationList;
			buildConfigurations = (
				326A00F51F908A1900D314DF /* Debug */,
				326A00F61F908A1900D314DF /* Release */,
			);
			defaultConfigurationIsVisible = 0;
			defaultConfigurationName = Release;
		};
		326A00F71F908A1900D314DF /* Build configuration list for PBXNativeTarget "RssReaderTests" */ = {
			isa = XCConfigurationList;
			buildConfigurations = (
				326A00F81F908A1900D314DF /* Debug */,
				326A00F91F908A1900D314DF /* Release */,
			);
			defaultConfigurationIsVisible = 0;
			defaultConfigurationName = Release;
		};
		326A00FA1F908A1900D314DF /* Build configuration list for PBXNativeTarget "RssReaderUITests" */ = {
			isa = XCConfigurationList;
			buildConfigurations = (
				326A00FB1F908A1900D314DF /* Debug */,
				326A00FC1F908A1900D314DF /* Release */,
			);
			defaultConfigurationIsVisible = 0;
			defaultConfigurationName = Release;
		};
/* End XCConfigurationList section */
	};
	rootObject = 326A00C01F908A1900D314DF /* Project object */;
}
